// !$*UTF8*$!
{
	archiveVersion = 1;
	classes = {
	};
	objectVersion = 50;
	objects = {

/* Begin PBXBuildFile section */
		222A544F2720DEF600FD2E8E /* AppDelegate.swift in Sources */ = {isa = PBXBuildFile; fileRef = 222A544E2720DEF600FD2E8E /* AppDelegate.swift */; };
		222A54512720DEF600FD2E8E /* SceneDelegate.swift in Sources */ = {isa = PBXBuildFile; fileRef = 222A54502720DEF600FD2E8E /* SceneDelegate.swift */; };
		222A54532720DEF600FD2E8E /* ViewController.swift in Sources */ = {isa = PBXBuildFile; fileRef = 222A54522720DEF600FD2E8E /* ViewController.swift */; };
		222A54562720DEF600FD2E8E /* Main.storyboard in Resources */ = {isa = PBXBuildFile; fileRef = 222A54542720DEF600FD2E8E /* Main.storyboard */; };
		222A54582720DEF800FD2E8E /* Assets.xcassets in Resources */ = {isa = PBXBuildFile; fileRef = 222A54572720DEF800FD2E8E /* Assets.xcassets */; };
		222A545B2720DEF800FD2E8E /* LaunchScreen.storyboard in Resources */ = {isa = PBXBuildFile; fileRef = 222A54592720DEF800FD2E8E /* LaunchScreen.storyboard */; };
		3279DC02028618A77A8F24AA /* Pods_CurrencyExchange.framework in Frameworks */ = {isa = PBXBuildFile; fileRef = 21D5DE7C4F9E882C2268D827 /* Pods_CurrencyExchange.framework */; };
/* End PBXBuildFile section */

/* Begin PBXFileReference section */
		21D5DE7C4F9E882C2268D827 /* Pods_CurrencyExchange.framework */ = {isa = PBXFileReference; explicitFileType = wrapper.framework; includeInIndex = 0; path = Pods_CurrencyExchange.framework; sourceTree = BUILT_PRODUCTS_DIR; };
		222A544B2720DEF600FD2E8E /* CurrencyExchange.app */ = {isa = PBXFileReference; explicitFileType = wrapper.application; includeInIndex = 0; path = CurrencyExchange.app; sourceTree = BUILT_PRODUCTS_DIR; };
		222A544E2720DEF600FD2E8E /* AppDelegate.swift */ = {isa = PBXFileReference; lastKnownFileType = sourcecode.swift; path = AppDelegate.swift; sourceTree = "<group>"; };
		222A54502720DEF600FD2E8E /* SceneDelegate.swift */ = {isa = PBXFileReference; lastKnownFileType = sourcecode.swift; path = SceneDelegate.swift; sourceTree = "<group>"; };
		222A54522720DEF600FD2E8E /* ViewController.swift */ = {isa = PBXFileReference; lastKnownFileType = sourcecode.swift; path = ViewController.swift; sourceTree = "<group>"; };
		222A54552720DEF600FD2E8E /* Base */ = {isa = PBXFileReference; lastKnownFileType = file.storyboard; name = Base; path = Base.lproj/Main.storyboard; sourceTree = "<group>"; };
		222A54572720DEF800FD2E8E /* Assets.xcassets */ = {isa = PBXFileReference; lastKnownFileType = folder.assetcatalog; path = Assets.xcassets; sourceTree = "<group>"; };
		222A545A2720DEF800FD2E8E /* Base */ = {isa = PBXFileReference; lastKnownFileType = file.storyboard; name = Base; path = Base.lproj/LaunchScreen.storyboard; sourceTree = "<group>"; };
		222A545C2720DEF800FD2E8E /* Info.plist */ = {isa = PBXFileReference; lastKnownFileType = text.plist.xml; path = Info.plist; sourceTree = "<group>"; };
		BEA964775D134920E7669AE7 /* Pods-CurrencyExchange.release.xcconfig */ = {isa = PBXFileReference; includeInIndex = 1; lastKnownFileType = text.xcconfig; name = "Pods-CurrencyExchange.release.xcconfig"; path = "Target Support Files/Pods-CurrencyExchange/Pods-CurrencyExchange.release.xcconfig"; sourceTree = "<group>"; };
		E7F35028A68969BD568D73D1 /* Pods-CurrencyExchange.debug.xcconfig */ = {isa = PBXFileReference; includeInIndex = 1; lastKnownFileType = text.xcconfig; name = "Pods-CurrencyExchange.debug.xcconfig"; path = "Target Support Files/Pods-CurrencyExchange/Pods-CurrencyExchange.debug.xcconfig"; sourceTree = "<group>"; };
/* End PBXFileReference section */

/* Begin PBXFrameworksBuildPhase section */
		222A54482720DEF600FD2E8E /* Frameworks */ = {
			isa = PBXFrameworksBuildPhase;
			buildActionMask = 2147483647;
			files = (
				3279DC02028618A77A8F24AA /* Pods_CurrencyExchange.framework in Frameworks */,
			);
			runOnlyForDeploymentPostprocessing = 0;
		};
/* End PBXFrameworksBuildPhase section */

/* Begin PBXGroup section */
		222A54422720DEF600FD2E8E = {
			isa = PBXGroup;
			children = (
				222A544D2720DEF600FD2E8E /* CurrencyExchange */,
				222A544C2720DEF600FD2E8E /* Products */,
				332D3E70655D0EAC291E4462 /* Pods */,
				ED3D16313D735C3532226782 /* Frameworks */,
			);
			sourceTree = "<group>";
		};
		222A544C2720DEF600FD2E8E /* Products */ = {
			isa = PBXGroup;
			children = (
				222A544B2720DEF600FD2E8E /* CurrencyExchange.app */,
			);
			name = Products;
			sourceTree = "<group>";
		};
		222A544D2720DEF600FD2E8E /* CurrencyExchange */ = {
			isa = PBXGroup;
			children = (
				222A544E2720DEF600FD2E8E /* AppDelegate.swift */,
				222A54502720DEF600FD2E8E /* SceneDelegate.swift */,
				222A54522720DEF600FD2E8E /* ViewController.swift */,
				222A54542720DEF600FD2E8E /* Main.storyboard */,
				222A54572720DEF800FD2E8E /* Assets.xcassets */,
				222A54592720DEF800FD2E8E /* LaunchScreen.storyboard */,
				222A545C2720DEF800FD2E8E /* Info.plist */,
			);
			path = CurrencyExchange;
			sourceTree = "<group>";
		};
		332D3E70655D0EAC291E4462 /* Pods */ = {
			isa = PBXGroup;
			children = (
				E7F35028A68969BD568D73D1 /* Pods-CurrencyExchange.debug.xcconfig */,
				BEA964775D134920E7669AE7 /* Pods-CurrencyExchange.release.xcconfig */,
			);
			name = Pods;
			path = Pods;
			sourceTree = "<group>";
		};
		ED3D16313D735C3532226782 /* Frameworks */ = {
			isa = PBXGroup;
			children = (
				21D5DE7C4F9E882C2268D827 /* Pods_CurrencyExchange.framework */,
			);
			name = Frameworks;
			sourceTree = "<group>";
		};
/* End PBXGroup section */

/* Begin PBXNativeTarget section */
		222A544A2720DEF600FD2E8E /* CurrencyExchange */ = {
			isa = PBXNativeTarget;
			buildConfigurationList = 222A545F2720DEF800FD2E8E /* Build configuration list for PBXNativeTarget "CurrencyExchange" */;
			buildPhases = (
				6B334D14C0FE72867C38CCBB /* [CP] Check Pods Manifest.lock */,
				222A54472720DEF600FD2E8E /* Sources */,
				222A54482720DEF600FD2E8E /* Frameworks */,
				222A54492720DEF600FD2E8E /* Resources */,
				7F3208E0E2533450F176EF5E /* [CP] Embed Pods Frameworks */,
			);
			buildRules = (
			);
			dependencies = (
			);
			name = CurrencyExchange;
			productName = CurrencyExchange;
			productReference = 222A544B2720DEF600FD2E8E /* CurrencyExchange.app */;
			productType = "com.apple.product-type.application";
		};
/* End PBXNativeTarget section */

/* Begin PBXProject section */
		222A54432720DEF600FD2E8E /* Project object */ = {
			isa = PBXProject;
			attributes = {
				LastSwiftUpdateCheck = 1250;
				LastUpgradeCheck = 1250;
				TargetAttributes = {
					222A544A2720DEF600FD2E8E = {
						CreatedOnToolsVersion = 12.5.1;
					};
				};
			};
			buildConfigurationList = 222A54462720DEF600FD2E8E /* Build configuration list for PBXProject "CurrencyExchange" */;
			compatibilityVersion = "Xcode 9.3";
			developmentRegion = en;
			hasScannedForEncodings = 0;
			knownRegions = (
				en,
				Base,
			);
			mainGroup = 222A54422720DEF600FD2E8E;
			productRefGroup = 222A544C2720DEF600FD2E8E /* Products */;
			projectDirPath = "";
			projectRoot = "";
			targets = (
				222A544A2720DEF600FD2E8E /* CurrencyExchange */,
			);
		};
/* End PBXProject section */

/* Begin PBXResourcesBuildPhase section */
		222A54492720DEF600FD2E8E /* Resources */ = {
			isa = PBXResourcesBuildPhase;
			buildActionMask = 2147483647;
			files = (
				222A545B2720DEF800FD2E8E /* LaunchScreen.storyboard in Resources */,
				222A54582720DEF800FD2E8E /* Assets.xcassets in Resources */,
				222A54562720DEF600FD2E8E /* Main.storyboard in Resources */,
			);
			runOnlyForDeploymentPostprocessing = 0;
		};
/* End PBXResourcesBuildPhase section */

/* Begin PBXShellScriptBuildPhase section */
		6B334D14C0FE72867C38CCBB /* [CP] Check Pods Manifest.lock */ = {
			isa = PBXShellScriptBuildPhase;
			buildActionMask = 2147483647;
			files = (
			);
			inputFileListPaths = (
			);
			inputPaths = (
				"${PODS_PODFILE_DIR_PATH}/Podfile.lock",
				"${PODS_ROOT}/Manifest.lock",
			);
			name = "[CP] Check Pods Manifest.lock";
			outputFileListPaths = (
			);
			outputPaths = (
				"$(DERIVED_FILE_DIR)/Pods-CurrencyExchange-checkManifestLockResult.txt",
			);
			runOnlyForDeploymentPostprocessing = 0;
			shellPath = /bin/sh;
			shellScript = "diff \"${PODS_PODFILE_DIR_PATH}/Podfile.lock\" \"${PODS_ROOT}/Manifest.lock\" > /dev/null\nif [ $? != 0 ] ; then\n    # print error to STDERR\n    echo \"error: The sandbox is not in sync with the Podfile.lock. Run 'pod install' or update your CocoaPods installation.\" >&2\n    exit 1\nfi\n# This output is used by Xcode 'outputs' to avoid re-running this script phase.\necho \"SUCCESS\" > \"${SCRIPT_OUTPUT_FILE_0}\"\n";
			showEnvVarsInLog = 0;
		};
		7F3208E0E2533450F176EF5E /* [CP] Embed Pods Frameworks */ = {
			isa = PBXShellScriptBuildPhase;
			buildActionMask = 2147483647;
			files = (
			);
			inputFileListPaths = (
				"${PODS_ROOT}/Target Support Files/Pods-CurrencyExchange/Pods-CurrencyExchange-frameworks-${CONFIGURATION}-input-files.xcfilelist",
			);
			name = "[CP] Embed Pods Frameworks";
			outputFileListPaths = (
				"${PODS_ROOT}/Target Support Files/Pods-CurrencyExchange/Pods-CurrencyExchange-frameworks-${CONFIGURATION}-output-files.xcfilelist",
			);
			runOnlyForDeploymentPostprocessing = 0;
			shellPath = /bin/sh;
			shellScript = "\"${PODS_ROOT}/Target Support Files/Pods-CurrencyExchange/Pods-CurrencyExchange-frameworks.sh\"\n";
			showEnvVarsInLog = 0;
		};
/* End PBXShellScriptBuildPhase section */

/* Begin PBXSourcesBuildPhase section */
		222A54472720DEF600FD2E8E /* Sources */ = {
			isa = PBXSourcesBuildPhase;
			buildActionMask = 2147483647;
			files = (
				222A54532720DEF600FD2E8E /* ViewController.swift in Sources */,
				222A544F2720DEF600FD2E8E /* AppDelegate.swift in Sources */,
				222A54512720DEF600FD2E8E /* SceneDelegate.swift in Sources */,
			);
			runOnlyForDeploymentPostprocessing = 0;
		};
/* End PBXSourcesBuildPhase section */

/* Begin PBXVariantGroup section */
		222A54542720DEF600FD2E8E /* Main.storyboard */ = {
			isa = PBXVariantGroup;
			children = (
				222A54552720DEF600FD2E8E /* Base */,
			);
			name = Main.storyboard;
			sourceTree = "<group>";
		};
		222A54592720DEF800FD2E8E /* LaunchScreen.storyboard */ = {
			isa = PBXVariantGroup;
			children = (
				222A545A2720DEF800FD2E8E /* Base */,
			);
			name = LaunchScreen.storyboard;
			sourceTree = "<group>";
		};
/* End PBXVariantGroup section */

/* Begin XCBuildConfiguration section */
		222A545D2720DEF800FD2E8E /* Debug */ = {
			isa = XCBuildConfiguration;
			buildSettings = {
				ALWAYS_SEARCH_USER_PATHS = NO;
				CLANG_ANALYZER_NONNULL = YES;
				CLANG_ANALYZER_NUMBER_OBJECT_CONVERSION = YES_AGGRESSIVE;
				CLANG_CXX_LANGUAGE_STANDARD = "gnu++14";
				CLANG_CXX_LIBRARY = "libc++";
				CLANG_ENABLE_MODULES = YES;
				CLANG_ENABLE_OBJC_ARC = YES;
				CLANG_ENABLE_OBJC_WEAK = YES;
				CLANG_WARN_BLOCK_CAPTURE_AUTORELEASING = YES;
				CLANG_WARN_BOOL_CONVERSION = YES;
				CLANG_WARN_COMMA = YES;
				CLANG_WARN_CONSTANT_CONVERSION = YES;
				CLANG_WARN_DEPRECATED_OBJC_IMPLEMENTATIONS = YES;
				CLANG_WARN_DIRECT_OBJC_ISA_USAGE = YES_ERROR;
				CLANG_WARN_DOCUMENTATION_COMMENTS = YES;
				CLANG_WARN_EMPTY_BODY = YES;
				CLANG_WARN_ENUM_CONVERSION = YES;
				CLANG_WARN_INFINITE_RECURSION = YES;
				CLANG_WARN_INT_CONVERSION = YES;
				CLANG_WARN_NON_LITERAL_NULL_CONVERSION = YES;
				CLANG_WARN_OBJC_IMPLICIT_RETAIN_SELF = YES;
				CLANG_WARN_OBJC_LITERAL_CONVERSION = YES;
				CLANG_WARN_OBJC_ROOT_CLASS = YES_ERROR;
				CLANG_WARN_QUOTED_INCLUDE_IN_FRAMEWORK_HEADER = YES;
				CLANG_WARN_RANGE_LOOP_ANALYSIS = YES;
				CLANG_WARN_STRICT_PROTOTYPES = YES;
				CLANG_WARN_SUSPICIOUS_MOVE = YES;
				CLANG_WARN_UNGUARDED_AVAILABILITY = YES_AGGRESSIVE;
				CLANG_WARN_UNREACHABLE_CODE = YES;
				CLANG_WARN__DUPLICATE_METHOD_MATCH = YES;
				COPY_PHASE_STRIP = NO;
				DEBUG_INFORMATION_FORMAT = dwarf;
				ENABLE_STRICT_OBJC_MSGSEND = YES;
				ENABLE_TESTABILITY = YES;
				GCC_C_LANGUAGE_STANDARD = gnu11;
				GCC_DYNAMIC_NO_PIC = NO;
				GCC_NO_COMMON_BLOCKS = YES;
				GCC_OPTIMIZATION_LEVEL = 0;
				GCC_PREPROCESSOR_DEFINITIONS = (
					"DEBUG=1",
					"$(inherited)",
				);
				GCC_WARN_64_TO_32_BIT_CONVERSION = YES;
				GCC_WARN_ABOUT_RETURN_TYPE = YES_ERROR;
				GCC_WARN_UNDECLARED_SELECTOR = YES;
				GCC_WARN_UNINITIALIZED_AUTOS = YES_AGGRESSIVE;
				GCC_WARN_UNUSED_FUNCTION = YES;
				GCC_WARN_UNUSED_VARIABLE = YES;
				IPHONEOS_DEPLOYMENT_TARGET = 14.5;
				MTL_ENABLE_DEBUG_INFO = INCLUDE_SOURCE;
				MTL_FAST_MATH = YES;
				ONLY_ACTIVE_ARCH = YES;
				SDKROOT = iphoneos;
				SWIFT_ACTIVE_COMPILATION_CONDITIONS = DEBUG;
				SWIFT_OPTIMIZATION_LEVEL = "-Onone";
			};
			name = Debug;
		};
		222A545E2720DEF800FD2E8E /* Release */ = {
			isa = XCBuildConfiguration;
			buildSettings = {
				ALWAYS_SEARCH_USER_PATHS = NO;
				CLANG_ANALYZER_NONNULL = YES;
				CLANG_ANALYZER_NUMBER_OBJECT_CONVERSION = YES_AGGRESSIVE;
				CLANG_CXX_LANGUAGE_STANDARD = "gnu++14";
				CLANG_CXX_LIBRARY = "libc++";
				CLANG_ENABLE_MODULES = YES;
				CLANG_ENABLE_OBJC_ARC = YES;
				CLANG_ENABLE_OBJC_WEAK = YES;
				CLANG_WARN_BLOCK_CAPTURE_AUTORELEASING = YES;
				CLANG_WARN_BOOL_CONVERSION = YES;
				CLANG_WARN_COMMA = YES;
				CLANG_WARN_CONSTANT_CONVERSION = YES;
				CLANG_WARN_DEPRECATED_OBJC_IMPLEMENTATIONS = YES;
				CLANG_WARN_DIRECT_OBJC_ISA_USAGE = YES_ERROR;
				CLANG_WARN_DOCUMENTATION_COMMENTS = YES;
				CLANG_WARN_EMPTY_BODY = YES;
				CLANG_WARN_ENUM_CONVERSION = YES;
				CLANG_WARN_INFINITE_RECURSION = YES;
				CLANG_WARN_INT_CONVERSION = YES;
				CLANG_WARN_NON_LITERAL_NULL_CONVERSION = YES;
				CLANG_WARN_OBJC_IMPLICIT_RETAIN_SELF = YES;
				CLANG_WARN_OBJC_LITERAL_CONVERSION = YES;
				CLANG_WARN_OBJC_ROOT_CLASS = YES_ERROR;
				CLANG_WARN_QUOTED_INCLUDE_IN_FRAMEWORK_HEADER = YES;
				CLANG_WARN_RANGE_LOOP_ANALYSIS = YES;
				CLANG_WARN_STRICT_PROTOTYPES = YES;
				CLANG_WARN_SUSPICIOUS_MOVE = YES;
				CLANG_WARN_UNGUARDED_AVAILABILITY = YES_AGGRESSIVE;
				CLANG_WARN_UNREACHABLE_CODE = YES;
				CLANG_WARN__DUPLICATE_METHOD_MATCH = YES;
				COPY_PHASE_STRIP = NO;
				DEBUG_INFORMATION_FORMAT = "dwarf-with-dsym";
				ENABLE_NS_ASSERTIONS = NO;
				ENABLE_STRICT_OBJC_MSGSEND = YES;
				GCC_C_LANGUAGE_STANDARD = gnu11;
				GCC_NO_COMMON_BLOCKS = YES;
				GCC_WARN_64_TO_32_BIT_CONVERSION = YES;
				GCC_WARN_ABOUT_RETURN_TYPE = YES_ERROR;
				GCC_WARN_UNDECLARED_SELECTOR = YES;
				GCC_WARN_UNINITIALIZED_AUTOS = YES_AGGRESSIVE;
				GCC_WARN_UNUSED_FUNCTION = YES;
				GCC_WARN_UNUSED_VARIABLE = YES;
				IPHONEOS_DEPLOYMENT_TARGET = 14.5;
				MTL_ENABLE_DEBUG_INFO = NO;
				MTL_FAST_MATH = YES;
				SDKROOT = iphoneos;
				SWIFT_COMPILATION_MODE = wholemodule;
				SWIFT_OPTIMIZATION_LEVEL = "-O";
				VALIDATE_PRODUCT = YES;
			};
			name = Release;
		};
		222A54602720DEF800FD2E8E /* Debug */ = {
			isa = XCBuildConfiguration;
			baseConfigurationReference = E7F35028A68969BD568D73D1 /* Pods-CurrencyExchange.debug.xcconfig */;
			buildSettings = {
				ASSETCATALOG_COMPILER_APPICON_NAME = AppIcon;
				ASSETCATALOG_COMPILER_GLOBAL_ACCENT_COLOR_NAME = AccentColor;
				CODE_SIGN_STYLE = Automatic;
				DEVELOPMENT_TEAM = 7HMQVXH6CX;
				INFOPLIST_FILE = CurrencyExchange/Info.plist;
				LD_RUNPATH_SEARCH_PATHS = (
					"$(inherited)",
					"@executable_path/Frameworks",
				);
				PRODUCT_BUNDLE_IDENTIFIER = edu.northeastern.brian.CurrencyExchange;
				PRODUCT_NAME = "$(TARGET_NAME)";
				SWIFT_VERSION = 5.0;
				TARGETED_DEVICE_FAMILY = "1,2";
			};
			name = Debug;
		};
		222A54612720DEF800FD2E8E /* Release */ = {
			isa = XCBuildConfiguration;
			baseConfigurationReference = BEA964775D134920E7669AE7 /* Pods-CurrencyExchange.release.xcconfig */;
			buildSettings = {
				ASSETCATALOG_COMPILER_APPICON_NAME = AppIcon;
				ASSETCATALOG_COMPILER_GLOBAL_ACCENT_COLOR_NAME = AccentColor;
				CODE_SIGN_STYLE = Automatic;
				DEVELOPMENT_TEAM = 7HMQVXH6CX;
				INFOPLIST_FILE = CurrencyExchange/Info.plist;
				LD_RUNPATH_SEARCH_PATHS = (
					"$(inherited)",
					"@executable_path/Frameworks",
				);
				PRODUCT_BUNDLE_IDENTIFIER = edu.northeastern.brian.CurrencyExchange;
				PRODUCT_NAME = "$(TARGET_NAME)";
				SWIFT_VERSION = 5.0;
				TARGETED_DEVICE_FAMILY = "1,2";
			};
			name = Release;
		};
/* End XCBuildConfiguration section */

/* Begin XCConfigurationList section */
		222A54462720DEF600FD2E8E /* Build configuration list for PBXProject "CurrencyExchange" */ = {
			isa = XCConfigurationList;
			buildConfigurations = (
				222A545D2720DEF800FD2E8E /* Debug */,
				222A545E2720DEF800FD2E8E /* Release */,
			);
			defaultConfigurationIsVisible = 0;
			defaultConfigurationName = Release;
		};
		222A545F2720DEF800FD2E8E /* Build configuration list for PBXNativeTarget "CurrencyExchange" */ = {
			isa = XCConfigurationList;
			buildConfigurations = (
				222A54602720DEF800FD2E8E /* Debug */,
				222A54612720DEF800FD2E8E /* Release */,
			);
			defaultConfigurationIsVisible = 0;
			defaultConfigurationName = Release;
		};
/* End XCConfigurationList section */
	};
	rootObject = 222A54432720DEF600FD2E8E /* Project object */;
}
